<?xml version="1.0" encoding="utf-8"?>
<Project ToolsVersion="4.0" xmlns="http://schemas.microsoft.com/developer/msbuild/2003">
  <ItemGroup>
    <MASM Include="P1_Mov.asm" />
    <MASM Include="P2_Mov_Parte2.asm" />
    <MASM Include="P3_Mov_Parte3.asm" />
    <MASM Include="P5_ADD.asm" />
    <MASM Include="P6_ADD_part2.asm" />
    <MASM Include="P7_SUB.asm" />
    <MASM Include="P0_Check.asm" />
    <MASM Include="P11_DIV.asm" />
    <MASM Include="P12_DIV_part2.asm" />
    <MASM Include="PTU2_1_Hoja_Presentacion.asm" />
    <MASM Include="P3_Mov_Parte4.asm" />
    <MASM Include="P8_MUL.asm" />
    <MASM Include="P9_MUL_part2.asm" />
    <MASM Include="P10_MUL_part3.asm" />
    <MASM Include="P13_DIV_part3.asm" />
    <MASM Include="P14_ImpresionTexto.asm" />
    <MASM Include="P15_ImpresionNumero.asm" />
    <MASM Include="P16_LecturaNumero.asm" />
    <MASM Include="P17_Prom3Nums.asm" />
    <MASM Include="P18_MultialCuadrado.asm" />
    <MASM Include="P1TEV_Sum_dob_trip.asm" />
    <MASM Include="P3TEV_Suma_de_Numeros.asm" />
    <MASM Include="P19_Intercambio_Valores.asm" />
    <MASM Include="P20_Saltos_Condicionales.asm" />
    <MASM Include="P20_Salto_Condicionales_part1.asm" />
    <MASM Include="P2TEV_Obten_Area _Per_Rec_Base _Altura.asm" />
    <MASM Include="P4TEV_Trabajador.asm" />
    <MASM Include="P21_SaltoCondicional_parte1.asm" />
    <MASM Include="P22_SaltoCondicional_parte2.asm" />
    <MASM Include="P23_SaltoCondicional_parte3.asm" />
    <MASM Include="P24_SaltosCondicionales.asm" />
    <MASM Include="P25_SaltoCond_Ejemplo.asm" />
    <MASM Include="P26_SaltosComoCiclos.asm" />
    <MASM Include="P_27_Ciclos_Parte2.asm" />
    <MASM Include="27_Poto_Parte_Neh.asm" />
  </ItemGroup>
  <ItemGroup>
    <Object Include="..\..\..\..\..\..\Irvine\Lib32\Irvine32_Library\Irvine32.obj" />
  </ItemGroup>
</Project>