<?xml version="1.0" encoding="utf-8"?>
<Project ToolsVersion="4.0" xmlns="http://schemas.microsoft.com/developer/msbuild/2003">
  <ItemGroup>
    <MASM Include="P1_Mov.asm" />
    <MASM Include="P2_Mov_Parte2.asm" />
    <MASM Include="P3_Mov_Parte3.asm" />
    <MASM Include="P5_ADD.asm" />
    <MASM Include="P6_ADD_part2.asm" />
    <MASM Include="P7_SUB.asm" />
    <MASM Include="P0_Check.asm" />
    <MASM Include="P11_DIV.asm" />
    <MASM Include="P12_DIV_part2.asm" />
    <MASM Include="PPT11_Hoja_Presentacion.asm" />
    <MASM Include="P3_Mov_Parte4.asm" />
    <MASM Include="P8_MUL.asm" />
    <MASM Include="P9_MUL_part2.asm" />
    <MASM Include="P10_MUL_part3.asm" />
    <MASM Include="P13_DIV_part3.asm" />
    <MASM Include="P14_ImpresionTexto.asm" />
    <MASM Include="P15_ImpresionNumero.asm" />
    <MASM Include="P16_LecturaNumero.asm" />
    <MASM Include="P17_Prom3Nums.asm" />
    <MASM Include="P18_MultialCuadrado.asm" />
    <MASM Include="PPT12_1_Sum_dob_trip.asm" />
    <MASM Include="PPT12_2_Suma_de_Numeros.asm" />
    <MASM Include="P19_Intercambio_Valores.asm" />
    <MASM Include="P20_Saltos_Condicionales.asm" />
    <MASM Include="P20_Salto_Condicionales_part1.asm" />
    <MASM Include="PPT12_3_Obten_Area _Per_Rec_Base _Altura.asm" />
    <MASM Include="PPT12_4_Trabajador.asm" />
    <MASM Include="P21_SaltoCondicional_parte1.asm" />
    <MASM Include="P22_SaltoCondicional_parte2.asm" />
    <MASM Include="P23_SaltoCondicional_parte3.asm" />
    <MASM Include="P24_SaltosCondicionales.asm" />
    <MASM Include="P25_SaltoCond_Ejemplo.asm" />
    <MASM Include="P26_SaltosComoCiclos.asm" />
    <MASM Include="P27_Ciclos_Parte2.asm" />
    <MASM Include="27_Poto_Parte_Neh.asm" />
    <MASM Include="PPT13_1_IMC.asm" />
    <MASM Include="PPT13_3_Matriz_2x2_Det.asm" />
    <MASM Include="PPT13_2_Lectura_Numeros_Mayor.asm" />
    <MASM Include="PPT13_4_Velocidad_Dist_Tiemp.asm" />
    <MASM Include="PPT15_Fibonacci.asm" />
    <MASM Include="P28_CicloEjemplo.asm" />
    <MASM Include="P29_TablaMultiplicar.asm" />
    <MASM Include="P30_Loop.asm" />
    <MASM Include="P31_LoopNumsPares.asm" />
    <MASM Include="P32_CiclosAnidados.asm" />
    <MASM Include="P33_CiclosAnidados_parte2.asm" />
    <MASM Include="PPT16_Num_Primo_No.asm" />
    <MASM Include="P34_CiclosAnidados_parte3.asm" />
    <MASM Include="P35_UsoVariables.asm" />
    <MASM Include="P36_UsoVariables_parte2.asm" />
    <MASM Include="Proy-DispensadorRefrescos.asm" />
    <MASM Include="zzzzzzPPT14_Pares_1_N_Usuario.asm" />
    <MASM Include="Det_sum_2_num_may_ter_num.asm" />
    <MASM Include="P_37_DetenerCicloUsuario.asm" />
    <MASM Include="P38_SwitchCaseSimulado.asm" />
    <MASM Include="P_39_switchAnidados.asm" />
    <MASM Include="PPT17_Sumados_numeros_mayor.asm" />
    <MASM Include="PPT18_Tabla de multiplicar.asm" />
    <MASM Include="PPT19_Calificaciones.asm" />
    <MASM Include="COPY_Proy-DispensadorRefrescos.asm" />
    <MASM Include="PPT20_Num_Ingresado_Val_Nega.asm" />
    <MASM Include="PPT21_Val_X_N_Cuantos.asm" />
    <MASM Include="PPT22_Pares_Impares_Mostrar.asm" />
  </ItemGroup>
  <ItemGroup>
    <Object Include="..\..\..\..\..\..\Irvine\Lib32\Irvine32_Library\Irvine32.obj" />
  </ItemGroup>
</Project>